
Microsoft Visual Studio Solution File, Format Version 12.00
# Visual Studio Version 16
VisualStudioVersion = 25.0.1706.14
MinimumVisualStudioVersion = 10.0.40219.1
Project("{FAE04EC0-301F-11D3-BF4B-00C04F79EFBC}") = "MyAlbum.Web", "MyAlbum.Web\MyAlbum.Web.csproj", "{5031CE30-01A7-4CDB-95B6-ABDD447A2221}"
EndProject
Project("{FAE04EC0-301F-11D3-BF4B-00C04F79EFBC}") = "MyAlbum.Application", "MyAlbum.Application\MyAlbum.Application.csproj", "{983D0B59-9DE3-4ACB-B37B-407D36A13264}"
EndProject
Project("{FAE04EC0-301F-11D3-BF4B-00C04F79EFBC}") = "MyAlbum.Domain", "MyAlbum.Domain\MyAlbum.Domain.csproj", "{96093F88-C4E5-44CE-BE4B-38F7A9DE3D38}"
EndProject
Project("{FAE04EC0-301F-11D3-BF4B-00C04F79EFBC}") = "MyAlbum.Infrastructure", "MyAlbum.Infrastructure\MyAlbum.Infrastructure.csproj", "{BD665667-A124-4A75-A243-6451EDA460A5}"
EndProject
Project("{FAE04EC0-301F-11D3-BF4B-00C04F79EFBC}") = "MyAlbum.Models", "MyAlbum.Models\MyAlbum.Models.csproj", "{3E2EF9C0-02E6-4963-8B00-0B93896154CE}"
EndProject
Project("{FAE04EC0-301F-11D3-BF4B-00C04F79EFBC}") = "MyAlbum.Shared", "MyAlbum.Shared\MyAlbum.Shared.csproj", "{50755C5E-FB36-4950-8809-A197374DC634}"
EndProject
Project("{FAE04EC0-301F-11D3-BF4B-00C04F79EFBC}") = "MyAlbum.IoC", "MyAlbum.IoC\MyAlbum.IoC.csproj", "{B056E03C-754E-4C9F-AEC9-26173F2943BA}"
EndProject
Project("{2150E333-8FDC-42A3-9474-1A3956D46DE8}") = "ClassLibraries", "ClassLibraries", "{1A790FE5-B9FD-45D9-BE38-0C5BC95E6A83}"
EndProject
Global
	GlobalSection(SolutionConfigurationPlatforms) = preSolution
		Debug|Any CPU = Debug|Any CPU
		Release|Any CPU = Release|Any CPU
	EndGlobalSection
	GlobalSection(ProjectConfigurationPlatforms) = postSolution
		{5031CE30-01A7-4CDB-95B6-ABDD447A2221}.Debug|Any CPU.ActiveCfg = Debug|Any CPU
		{5031CE30-01A7-4CDB-95B6-ABDD447A2221}.Debug|Any CPU.Build.0 = Debug|Any CPU
		{5031CE30-01A7-4CDB-95B6-ABDD447A2221}.Release|Any CPU.ActiveCfg = Release|Any CPU
		{5031CE30-01A7-4CDB-95B6-ABDD447A2221}.Release|Any CPU.Build.0 = Release|Any CPU
		{983D0B59-9DE3-4ACB-B37B-407D36A13264}.Debug|Any CPU.ActiveCfg = Debug|Any CPU
		{983D0B59-9DE3-4ACB-B37B-407D36A13264}.Debug|Any CPU.Build.0 = Debug|Any CPU
		{983D0B59-9DE3-4ACB-B37B-407D36A13264}.Release|Any CPU.ActiveCfg = Release|Any CPU
		{983D0B59-9DE3-4ACB-B37B-407D36A13264}.Release|Any CPU.Build.0 = Release|Any CPU
		{96093F88-C4E5-44CE-BE4B-38F7A9DE3D38}.Debug|Any CPU.ActiveCfg = Debug|Any CPU
		{96093F88-C4E5-44CE-BE4B-38F7A9DE3D38}.Debug|Any CPU.Build.0 = Debug|Any CPU
		{96093F88-C4E5-44CE-BE4B-38F7A9DE3D38}.Release|Any CPU.ActiveCfg = Release|Any CPU
		{96093F88-C4E5-44CE-BE4B-38F7A9DE3D38}.Release|Any CPU.Build.0 = Release|Any CPU
		{BD665667-A124-4A75-A243-6451EDA460A5}.Debug|Any CPU.ActiveCfg = Debug|Any CPU
		{BD665667-A124-4A75-A243-6451EDA460A5}.Debug|Any CPU.Build.0 = Debug|Any CPU
		{BD665667-A124-4A75-A243-6451EDA460A5}.Release|Any CPU.ActiveCfg = Release|Any CPU
		{BD665667-A124-4A75-A243-6451EDA460A5}.Release|Any CPU.Build.0 = Release|Any CPU
		{3E2EF9C0-02E6-4963-8B00-0B93896154CE}.Debug|Any CPU.ActiveCfg = Debug|Any CPU
		{3E2EF9C0-02E6-4963-8B00-0B93896154CE}.Debug|Any CPU.Build.0 = Debug|Any CPU
		{3E2EF9C0-02E6-4963-8B00-0B93896154CE}.Release|Any CPU.ActiveCfg = Release|Any CPU
		{3E2EF9C0-02E6-4963-8B00-0B93896154CE}.Release|Any CPU.Build.0 = Release|Any CPU
		{50755C5E-FB36-4950-8809-A197374DC634}.Debug|Any CPU.ActiveCfg = Debug|Any CPU
		{50755C5E-FB36-4950-8809-A197374DC634}.Debug|Any CPU.Build.0 = Debug|Any CPU
		{50755C5E-FB36-4950-8809-A197374DC634}.Release|Any CPU.ActiveCfg = Release|Any CPU
		{50755C5E-FB36-4950-8809-A197374DC634}.Release|Any CPU.Build.0 = Release|Any CPU
		{B056E03C-754E-4C9F-AEC9-26173F2943BA}.Debug|Any CPU.ActiveCfg = Debug|Any CPU
		{B056E03C-754E-4C9F-AEC9-26173F2943BA}.Debug|Any CPU.Build.0 = Debug|Any CPU
		{B056E03C-754E-4C9F-AEC9-26173F2943BA}.Release|Any CPU.ActiveCfg = Release|Any CPU
		{B056E03C-754E-4C9F-AEC9-26173F2943BA}.Release|Any CPU.Build.0 = Release|Any CPU
	EndGlobalSection
	GlobalSection(SolutionProperties) = preSolution
		HideSolutionNode = FALSE
	EndGlobalSection
	GlobalSection(ExtensibilityGlobals) = postSolution
		SolutionGuid = {9147934D-629F-4336-9562-B33AE7595E34}
	EndGlobalSection
	GlobalSection(NestedProjects) = preSolution
		{983D0B59-9DE3-4ACB-B37B-407D36A13264} = {1A790FE5-B9FD-45D9-BE38-0C5BC95E6A83}
		{96093F88-C4E5-44CE-BE4B-38F7A9DE3D38} = {1A790FE5-B9FD-45D9-BE38-0C5BC95E6A83}
		{BD665667-A124-4A75-A243-6451EDA460A5} = {1A790FE5-B9FD-45D9-BE38-0C5BC95E6A83}
		{B056E03C-754E-4C9F-AEC9-26173F2943BA} = {1A790FE5-B9FD-45D9-BE38-0C5BC95E6A83}
		{3E2EF9C0-02E6-4963-8B00-0B93896154CE} = {1A790FE5-B9FD-45D9-BE38-0C5BC95E6A83}
		{50755C5E-FB36-4950-8809-A197374DC634} = {1A790FE5-B9FD-45D9-BE38-0C5BC95E6A83}
	EndGlobalSection
EndGlobal
